
Microsoft Visual Studio Solution File, Format Version 12.00
# Visual Studio Version 17
VisualStudioVersion = 17.0.31903.59
MinimumVisualStudioVersion = 10.0.40219.1
Project("{FAE04EC0-301F-11D3-BF4B-00C04F79EFBC}") = "API", "API\API.csproj", "{BE74AD93-0524-499F-B9DF-CD3EC31E43D2}"
EndProject
Project("{FAE04EC0-301F-11D3-BF4B-00C04F79EFBC}") = "Application", "Application\Application.csproj", "{4CE4780D-2D07-4149-8A0C-89CC4BC04422}"
EndProject
Project("{FAE04EC0-301F-11D3-BF4B-00C04F79EFBC}") = "Domain", "Domain\Domain.csproj", "{9759AE8D-C144-4A32-B681-1A31FECB0A69}"
EndProject
Project("{FAE04EC0-301F-11D3-BF4B-00C04F79EFBC}") = "Infrastructure", "Infrastructure\Infrastructure.csproj", "{23FA6439-8554-4AF4-AD2A-DDED49B08595}"
EndProject
Project("{FAE04EC0-301F-11D3-BF4B-00C04F79EFBC}") = "MitMovies.Tests.Unit", "MitMovies.Tests.Unit\MitMovies.Tests.Unit.csproj", "{094B6AEE-4696-4A75-9AAF-AD693CDF1B31}"
EndProject
Global
	GlobalSection(SolutionConfigurationPlatforms) = preSolution
		Debug|Any CPU = Debug|Any CPU
		Release|Any CPU = Release|Any CPU
	EndGlobalSection
	GlobalSection(SolutionProperties) = preSolution
		HideSolutionNode = FALSE
	EndGlobalSection
	GlobalSection(ProjectConfigurationPlatforms) = postSolution
		{BE74AD93-0524-499F-B9DF-CD3EC31E43D2}.Debug|Any CPU.ActiveCfg = Debug|Any CPU
		{BE74AD93-0524-499F-B9DF-CD3EC31E43D2}.Debug|Any CPU.Build.0 = Debug|Any CPU
		{BE74AD93-0524-499F-B9DF-CD3EC31E43D2}.Release|Any CPU.ActiveCfg = Release|Any CPU
		{BE74AD93-0524-499F-B9DF-CD3EC31E43D2}.Release|Any CPU.Build.0 = Release|Any CPU
		{4CE4780D-2D07-4149-8A0C-89CC4BC04422}.Debug|Any CPU.ActiveCfg = Debug|Any CPU
		{4CE4780D-2D07-4149-8A0C-89CC4BC04422}.Debug|Any CPU.Build.0 = Debug|Any CPU
		{4CE4780D-2D07-4149-8A0C-89CC4BC04422}.Release|Any CPU.ActiveCfg = Release|Any CPU
		{4CE4780D-2D07-4149-8A0C-89CC4BC04422}.Release|Any CPU.Build.0 = Release|Any CPU
		{9759AE8D-C144-4A32-B681-1A31FECB0A69}.Debug|Any CPU.ActiveCfg = Debug|Any CPU
		{9759AE8D-C144-4A32-B681-1A31FECB0A69}.Debug|Any CPU.Build.0 = Debug|Any CPU
		{9759AE8D-C144-4A32-B681-1A31FECB0A69}.Release|Any CPU.ActiveCfg = Release|Any CPU
		{9759AE8D-C144-4A32-B681-1A31FECB0A69}.Release|Any CPU.Build.0 = Release|Any CPU
		{23FA6439-8554-4AF4-AD2A-DDED49B08595}.Debug|Any CPU.ActiveCfg = Debug|Any CPU
		{23FA6439-8554-4AF4-AD2A-DDED49B08595}.Debug|Any CPU.Build.0 = Debug|Any CPU
		{23FA6439-8554-4AF4-AD2A-DDED49B08595}.Release|Any CPU.ActiveCfg = Release|Any CPU
		{23FA6439-8554-4AF4-AD2A-DDED49B08595}.Release|Any CPU.Build.0 = Release|Any CPU
		{094B6AEE-4696-4A75-9AAF-AD693CDF1B31}.Debug|Any CPU.ActiveCfg = Debug|Any CPU
		{094B6AEE-4696-4A75-9AAF-AD693CDF1B31}.Debug|Any CPU.Build.0 = Debug|Any CPU
		{094B6AEE-4696-4A75-9AAF-AD693CDF1B31}.Release|Any CPU.ActiveCfg = Release|Any CPU
		{094B6AEE-4696-4A75-9AAF-AD693CDF1B31}.Release|Any CPU.Build.0 = Release|Any CPU
	EndGlobalSection
EndGlobal
